// !$*UTF8*$!
{
	archiveVersion = 1;
	classes = {
	};
	objectVersion = 46;
	objects = {

/* Begin PBXBuildFile section */
		6B2C716615A4C9D100EF420B /* UIKit.framework in Frameworks */ = {isa = PBXBuildFile; fileRef = 6B2C716515A4C9D100EF420B /* UIKit.framework */; };
		6B2C716815A4C9D100EF420B /* Foundation.framework in Frameworks */ = {isa = PBXBuildFile; fileRef = 6B2C716715A4C9D100EF420B /* Foundation.framework */; };
		6B2C716A15A4C9D100EF420B /* CoreGraphics.framework in Frameworks */ = {isa = PBXBuildFile; fileRef = 6B2C716915A4C9D100EF420B /* CoreGraphics.framework */; };
		6B2C717015A4C9D100EF420B /* InfoPlist.strings in Resources */ = {isa = PBXBuildFile; fileRef = 6B2C716E15A4C9D100EF420B /* InfoPlist.strings */; };
		6B2C717215A4C9D100EF420B /* main.m in Sources */ = {isa = PBXBuildFile; fileRef = 6B2C717115A4C9D100EF420B /* main.m */; };
		6B2C717615A4C9D100EF420B /* CalculatorAppDelegate.m in Sources */ = {isa = PBXBuildFile; fileRef = 6B2C717515A4C9D100EF420B /* CalculatorAppDelegate.m */; };
		6B2C717915A4C9D100EF420B /* MainStoryboard.storyboard in Resources */ = {isa = PBXBuildFile; fileRef = 6B2C717715A4C9D100EF420B /* MainStoryboard.storyboard */; };
		6B2C717C15A4C9D100EF420B /* CalculatorViewController.m in Sources */ = {isa = PBXBuildFile; fileRef = 6B2C717B15A4C9D100EF420B /* CalculatorViewController.m */; };
		6B2C718415A4D1ED00EF420B /* CalculatorBrain.m in Sources */ = {isa = PBXBuildFile; fileRef = 6B2C718315A4D1ED00EF420B /* CalculatorBrain.m */; };
/* End PBXBuildFile section */

/* Begin PBXFileReference section */
		6B2C716115A4C9D100EF420B /* Calculator-objc.app */ = {isa = PBXFileReference; explicitFileType = wrapper.application; includeInIndex = 0; path = "Calculator-objc.app"; sourceTree = BUILT_PRODUCTS_DIR; };
		6B2C716515A4C9D100EF420B /* UIKit.framework */ = {isa = PBXFileReference; lastKnownFileType = wrapper.framework; name = UIKit.framework; path = System/Library/Frameworks/UIKit.framework; sourceTree = SDKROOT; };
		6B2C716715A4C9D100EF420B /* Foundation.framework */ = {isa = PBXFileReference; lastKnownFileType = wrapper.framework; name = Foundation.framework; path = System/Library/Frameworks/Foundation.framework; sourceTree = SDKROOT; };
		6B2C716915A4C9D100EF420B /* CoreGraphics.framework */ = {isa = PBXFileReference; lastKnownFileType = wrapper.framework; name = CoreGraphics.framework; path = System/Library/Frameworks/CoreGraphics.framework; sourceTree = SDKROOT; };
		6B2C716D15A4C9D100EF420B /* Calculator-objc-Info.plist */ = {isa = PBXFileReference; lastKnownFileType = text.plist.xml; path = "Calculator-objc-Info.plist"; sourceTree = "<group>"; };
		6B2C716F15A4C9D100EF420B /* en */ = {isa = PBXFileReference; lastKnownFileType = text.plist.strings; name = en; path = en.lproj/InfoPlist.strings; sourceTree = "<group>"; };
		6B2C717115A4C9D100EF420B /* main.m */ = {isa = PBXFileReference; lastKnownFileType = sourcecode.c.objc; path = main.m; sourceTree = "<group>"; };
		6B2C717315A4C9D100EF420B /* Calculator-objc-Prefix.pch */ = {isa = PBXFileReference; lastKnownFileType = sourcecode.c.h; path = "Calculator-objc-Prefix.pch"; sourceTree = "<group>"; };
		6B2C717415A4C9D100EF420B /* CalculatorAppDelegate.h */ = {isa = PBXFileReference; lastKnownFileType = sourcecode.c.h; path = CalculatorAppDelegate.h; sourceTree = "<group>"; };
		6B2C717515A4C9D100EF420B /* CalculatorAppDelegate.m */ = {isa = PBXFileReference; lastKnownFileType = sourcecode.c.objc; path = CalculatorAppDelegate.m; sourceTree = "<group>"; };
		6B2C717815A4C9D100EF420B /* en */ = {isa = PBXFileReference; lastKnownFileType = file.storyboard; name = en; path = en.lproj/MainStoryboard.storyboard; sourceTree = "<group>"; };
		6B2C717A15A4C9D100EF420B /* CalculatorViewController.h */ = {isa = PBXFileReference; lastKnownFileType = sourcecode.c.h; path = CalculatorViewController.h; sourceTree = "<group>"; };
		6B2C717B15A4C9D100EF420B /* CalculatorViewController.m */ = {isa = PBXFileReference; lastKnownFileType = sourcecode.c.objc; path = CalculatorViewController.m; sourceTree = "<group>"; };
		6B2C718215A4D1ED00EF420B /* CalculatorBrain.h */ = {isa = PBXFileReference; fileEncoding = 4; lastKnownFileType = sourcecode.c.h; path = CalculatorBrain.h; sourceTree = "<group>"; };
		6B2C718315A4D1ED00EF420B /* CalculatorBrain.m */ = {isa = PBXFileReference; fileEncoding = 4; lastKnownFileType = sourcecode.c.objc; path = CalculatorBrain.m; sourceTree = "<group>"; };
/* End PBXFileReference section */

/* Begin PBXFrameworksBuildPhase section */
		6B2C715E15A4C9D000EF420B /* Frameworks */ = {
			isa = PBXFrameworksBuildPhase;
			buildActionMask = 2147483647;
			files = (
				6B2C716615A4C9D100EF420B /* UIKit.framework in Frameworks */,
				6B2C716815A4C9D100EF420B /* Foundation.framework in Frameworks */,
				6B2C716A15A4C9D100EF420B /* CoreGraphics.framework in Frameworks */,
			);
			runOnlyForDeploymentPostprocessing = 0;
		};
/* End PBXFrameworksBuildPhase section */

/* Begin PBXGroup section */
		6B2C715615A4C9D000EF420B = {
			isa = PBXGroup;
			children = (
				6B2C716B15A4C9D100EF420B /* Calculator-objc */,
				6B2C716415A4C9D100EF420B /* Frameworks */,
				6B2C716215A4C9D100EF420B /* Products */,
			);
			sourceTree = "<group>";
		};
		6B2C716215A4C9D100EF420B /* Products */ = {
			isa = PBXGroup;
			children = (
				6B2C716115A4C9D100EF420B /* Calculator-objc.app */,
			);
			name = Products;
			sourceTree = "<group>";
		};
		6B2C716415A4C9D100EF420B /* Frameworks */ = {
			isa = PBXGroup;
			children = (
				6B2C716515A4C9D100EF420B /* UIKit.framework */,
				6B2C716715A4C9D100EF420B /* Foundation.framework */,
				6B2C716915A4C9D100EF420B /* CoreGraphics.framework */,
			);
			name = Frameworks;
			sourceTree = "<group>";
		};
		6B2C716B15A4C9D100EF420B /* Calculator-objc */ = {
			isa = PBXGroup;
			children = (
				6B2C717415A4C9D100EF420B /* CalculatorAppDelegate.h */,
				6B2C717515A4C9D100EF420B /* CalculatorAppDelegate.m */,
				6B2C717715A4C9D100EF420B /* MainStoryboard.storyboard */,
				6B2C718215A4D1ED00EF420B /* CalculatorBrain.h */,
				6B2C718315A4D1ED00EF420B /* CalculatorBrain.m */,
				6B2C717A15A4C9D100EF420B /* CalculatorViewController.h */,
				6B2C717B15A4C9D100EF420B /* CalculatorViewController.m */,
				6B2C716C15A4C9D100EF420B /* Supporting Files */,
			);
			path = "Calculator-objc";
			sourceTree = "<group>";
		};
		6B2C716C15A4C9D100EF420B /* Supporting Files */ = {
			isa = PBXGroup;
			children = (
				6B2C716D15A4C9D100EF420B /* Calculator-objc-Info.plist */,
				6B2C716E15A4C9D100EF420B /* InfoPlist.strings */,
				6B2C717115A4C9D100EF420B /* main.m */,
				6B2C717315A4C9D100EF420B /* Calculator-objc-Prefix.pch */,
			);
			name = "Supporting Files";
			sourceTree = "<group>";
		};
/* End PBXGroup section */

/* Begin PBXNativeTarget section */
		6B2C716015A4C9D000EF420B /* Calculator-objc */ = {
			isa = PBXNativeTarget;
			buildConfigurationList = 6B2C717F15A4C9D100EF420B /* Build configuration list for PBXNativeTarget "Calculator-objc" */;
			buildPhases = (
				6B2C715D15A4C9D000EF420B /* Sources */,
				6B2C715E15A4C9D000EF420B /* Frameworks */,
				6B2C715F15A4C9D000EF420B /* Resources */,
			);
			buildRules = (
			);
			dependencies = (
			);
			name = "Calculator-objc";
			productName = "Calculator-objc";
			productReference = 6B2C716115A4C9D100EF420B /* Calculator-objc.app */;
			productType = "com.apple.product-type.application";
		};
/* End PBXNativeTarget section */

/* Begin PBXProject section */
		6B2C715815A4C9D000EF420B /* Project object */ = {
			isa = PBXProject;
			attributes = {
				CLASSPREFIX = Calculator;
				LastUpgradeCheck = 0430;
			};
			buildConfigurationList = 6B2C715B15A4C9D000EF420B /* Build configuration list for PBXProject "Calculator-objc" */;
			compatibilityVersion = "Xcode 3.2";
			developmentRegion = English;
			hasScannedForEncodings = 0;
			knownRegions = (
				en,
			);
			mainGroup = 6B2C715615A4C9D000EF420B;
			productRefGroup = 6B2C716215A4C9D100EF420B /* Products */;
			projectDirPath = "";
			projectRoot = "";
			targets = (
				6B2C716015A4C9D000EF420B /* Calculator-objc */,
			);
		};
/* End PBXProject section */

/* Begin PBXResourcesBuildPhase section */
		6B2C715F15A4C9D000EF420B /* Resources */ = {
			isa = PBXResourcesBuildPhase;
			buildActionMask = 2147483647;
			files = (
				6B2C717015A4C9D100EF420B /* InfoPlist.strings in Resources */,
				6B2C717915A4C9D100EF420B /* MainStoryboard.storyboard in Resources */,
			);
			runOnlyForDeploymentPostprocessing = 0;
		};
/* End PBXResourcesBuildPhase section */

/* Begin PBXSourcesBuildPhase section */
		6B2C715D15A4C9D000EF420B /* Sources */ = {
			isa = PBXSourcesBuildPhase;
			buildActionMask = 2147483647;
			files = (
				6B2C717215A4C9D100EF420B /* main.m in Sources */,
				6B2C717615A4C9D100EF420B /* CalculatorAppDelegate.m in Sources */,
				6B2C717C15A4C9D100EF420B /* CalculatorViewController.m in Sources */,
				6B2C718415A4D1ED00EF420B /* CalculatorBrain.m in Sources */,
			);
			runOnlyForDeploymentPostprocessing = 0;
		};
/* End PBXSourcesBuildPhase section */

/* Begin PBXVariantGroup section */
		6B2C716E15A4C9D100EF420B /* InfoPlist.strings */ = {
			isa = PBXVariantGroup;
			children = (
				6B2C716F15A4C9D100EF420B /* en */,
			);
			name = InfoPlist.strings;
			sourceTree = "<group>";
		};
		6B2C717715A4C9D100EF420B /* MainStoryboard.storyboard */ = {
			isa = PBXVariantGroup;
			children = (
				6B2C717815A4C9D100EF420B /* en */,
			);
			name = MainStoryboard.storyboard;
			sourceTree = "<group>";
		};
/* End PBXVariantGroup section */

/* Begin XCBuildConfiguration section */
		6B2C717D15A4C9D100EF420B /* Debug */ = {
			isa = XCBuildConfiguration;
			buildSettings = {
				ALWAYS_SEARCH_USER_PATHS = NO;
				ARCHS = "$(ARCHS_STANDARD_32_BIT)";
				CLANG_ENABLE_OBJC_ARC = YES;
				"CODE_SIGN_IDENTITY[sdk=iphoneos*]" = "iPhone Developer";
				COPY_PHASE_STRIP = NO;
				GCC_C_LANGUAGE_STANDARD = gnu99;
				GCC_DYNAMIC_NO_PIC = NO;
				GCC_OPTIMIZATION_LEVEL = 0;
				GCC_PREPROCESSOR_DEFINITIONS = (
					"DEBUG=1",
					"$(inherited)",
				);
				GCC_SYMBOLS_PRIVATE_EXTERN = NO;
				GCC_VERSION = com.apple.compilers.llvm.clang.1_0;
				GCC_WARN_ABOUT_RETURN_TYPE = YES;
				GCC_WARN_UNINITIALIZED_AUTOS = YES;
				GCC_WARN_UNUSED_VARIABLE = YES;
				IPHONEOS_DEPLOYMENT_TARGET = 5.1;
				SDKROOT = iphoneos;
			};
			name = Debug;
		};
		6B2C717E15A4C9D100EF420B /* Release */ = {
			isa = XCBuildConfiguration;
			buildSettings = {
				ALWAYS_SEARCH_USER_PATHS = NO;
				ARCHS = "$(ARCHS_STANDARD_32_BIT)";
				CLANG_ENABLE_OBJC_ARC = YES;
				"CODE_SIGN_IDENTITY[sdk=iphoneos*]" = "iPhone Developer";
				COPY_PHASE_STRIP = YES;
				GCC_C_LANGUAGE_STANDARD = gnu99;
				GCC_VERSION = com.apple.compilers.llvm.clang.1_0;
				GCC_WARN_ABOUT_RETURN_TYPE = YES;
				GCC_WARN_UNINITIALIZED_AUTOS = YES;
				GCC_WARN_UNUSED_VARIABLE = YES;
				IPHONEOS_DEPLOYMENT_TARGET = 5.1;
				OTHER_CFLAGS = "-DNS_BLOCK_ASSERTIONS=1";
				SDKROOT = iphoneos;
				VALIDATE_PRODUCT = YES;
			};
			name = Release;
		};
		6B2C718015A4C9D100EF420B /* Debug */ = {
			isa = XCBuildConfiguration;
			buildSettings = {
				GCC_PRECOMPILE_PREFIX_HEADER = YES;
				GCC_PREFIX_HEADER = "Calculator-objc/Calculator-objc-Prefix.pch";
				INFOPLIST_FILE = "Calculator-objc/Calculator-objc-Info.plist";
				PRODUCT_NAME = "$(TARGET_NAME)";
				WRAPPER_EXTENSION = app;
			};
			name = Debug;
		};
		6B2C718115A4C9D100EF420B /* Release */ = {
			isa = XCBuildConfiguration;
			buildSettings = {
				GCC_PRECOMPILE_PREFIX_HEADER = YES;
				GCC_PREFIX_HEADER = "Calculator-objc/Calculator-objc-Prefix.pch";
				INFOPLIST_FILE = "Calculator-objc/Calculator-objc-Info.plist";
				PRODUCT_NAME = "$(TARGET_NAME)";
				WRAPPER_EXTENSION = app;
			};
			name = Release;
		};
/* End XCBuildConfiguration section */

/* Begin XCConfigurationList section */
		6B2C715B15A4C9D000EF420B /* Build configuration list for PBXProject "Calculator-objc" */ = {
			isa = XCConfigurationList;
			buildConfigurations = (
				6B2C717D15A4C9D100EF420B /* Debug */,
				6B2C717E15A4C9D100EF420B /* Release */,
			);
			defaultConfigurationIsVisible = 0;
			defaultConfigurationName = Release;
		};
		6B2C717F15A4C9D100EF420B /* Build configuration list for PBXNativeTarget "Calculator-objc" */ = {
			isa = XCConfigurationList;
			buildConfigurations = (
				6B2C718015A4C9D100EF420B /* Debug */,
				6B2C718115A4C9D100EF420B /* Release */,
			);
			defaultConfigurationIsVisible = 0;
		};
/* End XCConfigurationList section */
	};
	rootObject = 6B2C715815A4C9D000EF420B /* Project object */;
}
